
Microsoft Visual Studio Solution File, Format Version 12.00
# Visual Studio Version 17
VisualStudioVersion = 17.2.32616.157
MinimumVisualStudioVersion = 10.0.40219.1
Project("{9A19103F-16F7-4668-BE54-9A1E7A4F7556}") = "MobileStore", "MobileStore.csproj", "{D2FB60EF-464A-434F-A811-38E0AFB150C4}"
EndProject
Global
	GlobalSection(SolutionConfigurationPlatforms) = preSolution
		Debug|Any CPU = Debug|Any CPU
		Release|Any CPU = Release|Any CPU
	EndGlobalSection
	GlobalSection(ProjectConfigurationPlatforms) = postSolution
		{D2FB60EF-464A-434F-A811-38E0AFB150C4}.Debug|Any CPU.ActiveCfg = Debug|Any CPU
		{D2FB60EF-464A-434F-A811-38E0AFB150C4}.Debug|Any CPU.Build.0 = Debug|Any CPU
		{D2FB60EF-464A-434F-A811-38E0AFB150C4}.Release|Any CPU.ActiveCfg = Release|Any CPU
		{D2FB60EF-464A-434F-A811-38E0AFB150C4}.Release|Any CPU.Build.0 = Release|Any CPU
	EndGlobalSection
	GlobalSection(SolutionProperties) = preSolution
		HideSolutionNode = FALSE
	EndGlobalSection
	GlobalSection(ExtensibilityGlobals) = postSolution
		SolutionGuid = {D9DEF645-BFC4-4EF3-B82D-9181DF6FE049}
	EndGlobalSection
EndGlobal
